
Microsoft Visual Studio Solution File, Format Version 12.00
# Visual Studio 15
VisualStudioVersion = 15.0.27130.2020
MinimumVisualStudioVersion = 10.0.40219.1
Project("{2150E333-8FDC-42A3-9474-1A3956D46DE8}") = "fmsnet", "fmsnet", "{2BEDE0C9-00A9-4546-93C2-F91F23D83437}"
EndProject
Project("{FAE04EC0-301F-11D3-BF4B-00C04F79EFBC}") = "fmslapi", "fmsnet\fmslapi\fmslapi.csproj", "{DFBF2C76-486B-44FC-BE13-82C41EFEE1AF}"
EndProject
Project("{FAE04EC0-301F-11D3-BF4B-00C04F79EFBC}") = "fmsldr", "fmsnet\fmsldr\fmsldr.csproj", "{ACF2362E-28F8-45F1-A289-7F77BCFA05CA}"
EndProject
Project("{FAE04EC0-301F-11D3-BF4B-00C04F79EFBC}") = "fmslstrap", "fmsnet\fmslstrap\fmslstrap.csproj", "{21FBB563-FA40-4875-ABA3-E5588E52EBC5}"
EndProject
Project("{FAE04EC0-301F-11D3-BF4B-00C04F79EFBC}") = "fmsman", "fmsman\fmsman.csproj", "{BB93BE3E-DB2D-4A7A-9AD3-2307412C1D91}"
EndProject
Project("{FAE04EC0-301F-11D3-BF4B-00C04F79EFBC}") = "PS", "PS\PS.csproj", "{C29B550C-0ECA-4EE4-82F6-D0CB4107ADEE}"
EndProject
Project("{2150E333-8FDC-42A3-9474-1A3956D46DE8}") = "FMS", "FMS", "{ADEBCDB5-7DF5-468F-86E3-6BEFF213618A}"
EndProject
Project("{8BC9CEB8-8B4A-11D0-8D11-00A0C91BC942}") = "hostvega", "fmsw\hostvega\hostvega.vcxproj", "{2E400F4E-DE4A-4A6B-9922-D805C288D040}"
EndProject
Project("{FAE04EC0-301F-11D3-BF4B-00C04F79EFBC}") = "FMS", "fmsw\FMS\FMS.csproj", "{25F2266F-DAA4-44C9-B607-94CCDA4FB36F}"
EndProject
Project("{FAE04EC0-301F-11D3-BF4B-00C04F79EFBC}") = "fmsproxy", "fmsproxy\fmsproxy.csproj", "{FA518495-56E8-4782-8025-88BC3EA03C1F}"
EndProject
Project("{FAE04EC0-301F-11D3-BF4B-00C04F79EFBC}") = "PultNeptun", "fmsw\PultNeptun\PultNeptun.csproj", "{504463D4-C8DB-4E8A-A20F-F933E26F2ADE}"
EndProject
Project("{FAE04EC0-301F-11D3-BF4B-00C04F79EFBC}") = "VirtualPultValves", "fmsw\VirtualPultValves\VirtualPultValves.csproj", "{DC240F6E-15F0-468A-8EE5-57441CE394C9}"
EndProject
Project("{FAE04EC0-301F-11D3-BF4B-00C04F79EFBC}") = "ValueModel", "fmsw\ValueModel\ValueModel.csproj", "{8FE10A49-5B2E-4A5C-8847-9E7F5E4FE9C8}"
EndProject
Project("{FAE04EC0-301F-11D3-BF4B-00C04F79EFBC}") = "InpuL", "fmsw\InpuL\InpuL.csproj", "{E85F6A4D-6DFF-4A64-AAB9-A688E322D943}"
EndProject
Global
	GlobalSection(SolutionConfigurationPlatforms) = preSolution
		Debug|x86 = Debug|x86
		Release|x86 = Release|x86
		ReleaseClean|x86 = ReleaseClean|x86
	EndGlobalSection
	GlobalSection(ProjectConfigurationPlatforms) = postSolution
		{DFBF2C76-486B-44FC-BE13-82C41EFEE1AF}.Debug|x86.ActiveCfg = Debug|Any CPU
		{DFBF2C76-486B-44FC-BE13-82C41EFEE1AF}.Debug|x86.Build.0 = Debug|Any CPU
		{DFBF2C76-486B-44FC-BE13-82C41EFEE1AF}.Release|x86.ActiveCfg = Release|Any CPU
		{DFBF2C76-486B-44FC-BE13-82C41EFEE1AF}.Release|x86.Build.0 = Release|Any CPU
		{DFBF2C76-486B-44FC-BE13-82C41EFEE1AF}.ReleaseClean|x86.ActiveCfg = Release|Any CPU
		{DFBF2C76-486B-44FC-BE13-82C41EFEE1AF}.ReleaseClean|x86.Build.0 = Release|Any CPU
		{ACF2362E-28F8-45F1-A289-7F77BCFA05CA}.Debug|x86.ActiveCfg = Debug|x86
		{ACF2362E-28F8-45F1-A289-7F77BCFA05CA}.Debug|x86.Build.0 = Debug|x86
		{ACF2362E-28F8-45F1-A289-7F77BCFA05CA}.Release|x86.ActiveCfg = Release|x86
		{ACF2362E-28F8-45F1-A289-7F77BCFA05CA}.Release|x86.Build.0 = Release|x86
		{ACF2362E-28F8-45F1-A289-7F77BCFA05CA}.ReleaseClean|x86.ActiveCfg = Release|x86
		{ACF2362E-28F8-45F1-A289-7F77BCFA05CA}.ReleaseClean|x86.Build.0 = Release|x86
		{21FBB563-FA40-4875-ABA3-E5588E52EBC5}.Debug|x86.ActiveCfg = Debug|x86
		{21FBB563-FA40-4875-ABA3-E5588E52EBC5}.Debug|x86.Build.0 = Debug|x86
		{21FBB563-FA40-4875-ABA3-E5588E52EBC5}.Release|x86.ActiveCfg = Release|x86
		{21FBB563-FA40-4875-ABA3-E5588E52EBC5}.Release|x86.Build.0 = Release|x86
		{21FBB563-FA40-4875-ABA3-E5588E52EBC5}.ReleaseClean|x86.ActiveCfg = Release|x86
		{21FBB563-FA40-4875-ABA3-E5588E52EBC5}.ReleaseClean|x86.Build.0 = Release|x86
		{BB93BE3E-DB2D-4A7A-9AD3-2307412C1D91}.Debug|x86.ActiveCfg = Debug|Any CPU
		{BB93BE3E-DB2D-4A7A-9AD3-2307412C1D91}.Debug|x86.Build.0 = Debug|Any CPU
		{BB93BE3E-DB2D-4A7A-9AD3-2307412C1D91}.Release|x86.ActiveCfg = Release|Any CPU
		{BB93BE3E-DB2D-4A7A-9AD3-2307412C1D91}.Release|x86.Build.0 = Release|Any CPU
		{BB93BE3E-DB2D-4A7A-9AD3-2307412C1D91}.ReleaseClean|x86.ActiveCfg = Release|Any CPU
		{BB93BE3E-DB2D-4A7A-9AD3-2307412C1D91}.ReleaseClean|x86.Build.0 = Release|Any CPU
		{C29B550C-0ECA-4EE4-82F6-D0CB4107ADEE}.Debug|x86.ActiveCfg = Debug|Any CPU
		{C29B550C-0ECA-4EE4-82F6-D0CB4107ADEE}.Debug|x86.Build.0 = Debug|Any CPU
		{C29B550C-0ECA-4EE4-82F6-D0CB4107ADEE}.Release|x86.ActiveCfg = ReleaseClean|Any CPU
		{C29B550C-0ECA-4EE4-82F6-D0CB4107ADEE}.Release|x86.Build.0 = ReleaseClean|Any CPU
		{C29B550C-0ECA-4EE4-82F6-D0CB4107ADEE}.ReleaseClean|x86.ActiveCfg = ReleaseClean|Any CPU
		{C29B550C-0ECA-4EE4-82F6-D0CB4107ADEE}.ReleaseClean|x86.Build.0 = ReleaseClean|Any CPU
		{2E400F4E-DE4A-4A6B-9922-D805C288D040}.Debug|x86.ActiveCfg = Debug|Win32
		{2E400F4E-DE4A-4A6B-9922-D805C288D040}.Debug|x86.Build.0 = Debug|Win32
		{2E400F4E-DE4A-4A6B-9922-D805C288D040}.Release|x86.ActiveCfg = Release|Win32
		{2E400F4E-DE4A-4A6B-9922-D805C288D040}.Release|x86.Build.0 = Release|Win32
		{2E400F4E-DE4A-4A6B-9922-D805C288D040}.ReleaseClean|x86.ActiveCfg = Release|Win32
		{2E400F4E-DE4A-4A6B-9922-D805C288D040}.ReleaseClean|x86.Build.0 = Release|Win32
		{25F2266F-DAA4-44C9-B607-94CCDA4FB36F}.Debug|x86.ActiveCfg = Debug|x86
		{25F2266F-DAA4-44C9-B607-94CCDA4FB36F}.Debug|x86.Build.0 = Debug|x86
		{25F2266F-DAA4-44C9-B607-94CCDA4FB36F}.Release|x86.ActiveCfg = Release|x86
		{25F2266F-DAA4-44C9-B607-94CCDA4FB36F}.Release|x86.Build.0 = Release|x86
		{25F2266F-DAA4-44C9-B607-94CCDA4FB36F}.ReleaseClean|x86.ActiveCfg = ReleaseClean|x86
		{25F2266F-DAA4-44C9-B607-94CCDA4FB36F}.ReleaseClean|x86.Build.0 = ReleaseClean|x86
		{FA518495-56E8-4782-8025-88BC3EA03C1F}.Debug|x86.ActiveCfg = Debug|Any CPU
		{FA518495-56E8-4782-8025-88BC3EA03C1F}.Debug|x86.Build.0 = Debug|Any CPU
		{FA518495-56E8-4782-8025-88BC3EA03C1F}.Release|x86.ActiveCfg = Release|Any CPU
		{FA518495-56E8-4782-8025-88BC3EA03C1F}.Release|x86.Build.0 = Release|Any CPU
		{FA518495-56E8-4782-8025-88BC3EA03C1F}.ReleaseClean|x86.ActiveCfg = Release|Any CPU
		{FA518495-56E8-4782-8025-88BC3EA03C1F}.ReleaseClean|x86.Build.0 = Release|Any CPU
		{504463D4-C8DB-4E8A-A20F-F933E26F2ADE}.Debug|x86.ActiveCfg = Debug|Any CPU
		{504463D4-C8DB-4E8A-A20F-F933E26F2ADE}.Debug|x86.Build.0 = Debug|Any CPU
		{504463D4-C8DB-4E8A-A20F-F933E26F2ADE}.Release|x86.ActiveCfg = Release|Any CPU
		{504463D4-C8DB-4E8A-A20F-F933E26F2ADE}.Release|x86.Build.0 = Release|Any CPU
		{504463D4-C8DB-4E8A-A20F-F933E26F2ADE}.ReleaseClean|x86.ActiveCfg = Release|Any CPU
		{504463D4-C8DB-4E8A-A20F-F933E26F2ADE}.ReleaseClean|x86.Build.0 = Release|Any CPU
		{DC240F6E-15F0-468A-8EE5-57441CE394C9}.Debug|x86.ActiveCfg = Debug|x86
		{DC240F6E-15F0-468A-8EE5-57441CE394C9}.Debug|x86.Build.0 = Debug|x86
		{DC240F6E-15F0-468A-8EE5-57441CE394C9}.Release|x86.ActiveCfg = Release|x86
		{DC240F6E-15F0-468A-8EE5-57441CE394C9}.Release|x86.Build.0 = Release|x86
		{DC240F6E-15F0-468A-8EE5-57441CE394C9}.ReleaseClean|x86.ActiveCfg = Release|x86
		{DC240F6E-15F0-468A-8EE5-57441CE394C9}.ReleaseClean|x86.Build.0 = Release|x86
		{8FE10A49-5B2E-4A5C-8847-9E7F5E4FE9C8}.Debug|x86.ActiveCfg = Debug|Any CPU
		{8FE10A49-5B2E-4A5C-8847-9E7F5E4FE9C8}.Debug|x86.Build.0 = Debug|Any CPU
		{8FE10A49-5B2E-4A5C-8847-9E7F5E4FE9C8}.Release|x86.ActiveCfg = Release|Any CPU
		{8FE10A49-5B2E-4A5C-8847-9E7F5E4FE9C8}.Release|x86.Build.0 = Release|Any CPU
		{8FE10A49-5B2E-4A5C-8847-9E7F5E4FE9C8}.ReleaseClean|x86.ActiveCfg = Release|Any CPU
		{8FE10A49-5B2E-4A5C-8847-9E7F5E4FE9C8}.ReleaseClean|x86.Build.0 = Release|Any CPU
		{E85F6A4D-6DFF-4A64-AAB9-A688E322D943}.Debug|x86.ActiveCfg = Debug|Any CPU
		{E85F6A4D-6DFF-4A64-AAB9-A688E322D943}.Debug|x86.Build.0 = Debug|Any CPU
		{E85F6A4D-6DFF-4A64-AAB9-A688E322D943}.Release|x86.ActiveCfg = Release|Any CPU
		{E85F6A4D-6DFF-4A64-AAB9-A688E322D943}.Release|x86.Build.0 = Release|Any CPU
		{E85F6A4D-6DFF-4A64-AAB9-A688E322D943}.ReleaseClean|x86.ActiveCfg = Release|Any CPU
		{E85F6A4D-6DFF-4A64-AAB9-A688E322D943}.ReleaseClean|x86.Build.0 = Release|Any CPU
	EndGlobalSection
	GlobalSection(SolutionProperties) = preSolution
		HideSolutionNode = FALSE
	EndGlobalSection
	GlobalSection(NestedProjects) = preSolution
		{DFBF2C76-486B-44FC-BE13-82C41EFEE1AF} = {2BEDE0C9-00A9-4546-93C2-F91F23D83437}
		{ACF2362E-28F8-45F1-A289-7F77BCFA05CA} = {2BEDE0C9-00A9-4546-93C2-F91F23D83437}
		{21FBB563-FA40-4875-ABA3-E5588E52EBC5} = {2BEDE0C9-00A9-4546-93C2-F91F23D83437}
		{BB93BE3E-DB2D-4A7A-9AD3-2307412C1D91} = {2BEDE0C9-00A9-4546-93C2-F91F23D83437}
		{2E400F4E-DE4A-4A6B-9922-D805C288D040} = {ADEBCDB5-7DF5-468F-86E3-6BEFF213618A}
		{25F2266F-DAA4-44C9-B607-94CCDA4FB36F} = {ADEBCDB5-7DF5-468F-86E3-6BEFF213618A}
		{FA518495-56E8-4782-8025-88BC3EA03C1F} = {2BEDE0C9-00A9-4546-93C2-F91F23D83437}
		{504463D4-C8DB-4E8A-A20F-F933E26F2ADE} = {ADEBCDB5-7DF5-468F-86E3-6BEFF213618A}
		{DC240F6E-15F0-468A-8EE5-57441CE394C9} = {ADEBCDB5-7DF5-468F-86E3-6BEFF213618A}
		{8FE10A49-5B2E-4A5C-8847-9E7F5E4FE9C8} = {ADEBCDB5-7DF5-468F-86E3-6BEFF213618A}
		{E85F6A4D-6DFF-4A64-AAB9-A688E322D943} = {ADEBCDB5-7DF5-468F-86E3-6BEFF213618A}
	EndGlobalSection
	GlobalSection(ExtensibilityGlobals) = postSolution
		SolutionGuid = {4B183190-38C8-42A0-A351-C3EAC3DC40A1}
	EndGlobalSection
EndGlobal
